
Microsoft Visual Studio Solution File, Format Version 12.00
# Visual Studio Version 16
VisualStudioVersion = 16.0.31424.327
MinimumVisualStudioVersion = 10.0.40219.1
Project("{FAE04EC0-301F-11D3-BF4B-00C04F79EFBC}") = "Heyleys.Assignment", "Heyleys.Assignment.csproj", "{B4E59EF8-C0DD-4F40-A155-7792111035EF}"
EndProject
Global
	GlobalSection(SolutionConfigurationPlatforms) = preSolution
		Debug|Any CPU = Debug|Any CPU
		Release|Any CPU = Release|Any CPU
	EndGlobalSection
	GlobalSection(ProjectConfigurationPlatforms) = postSolution
		{B4E59EF8-C0DD-4F40-A155-7792111035EF}.Debug|Any CPU.ActiveCfg = Debug|Any CPU
		{B4E59EF8-C0DD-4F40-A155-7792111035EF}.Debug|Any CPU.Build.0 = Debug|Any CPU
		{B4E59EF8-C0DD-4F40-A155-7792111035EF}.Release|Any CPU.ActiveCfg = Release|Any CPU
		{B4E59EF8-C0DD-4F40-A155-7792111035EF}.Release|Any CPU.Build.0 = Release|Any CPU
	EndGlobalSection
	GlobalSection(SolutionProperties) = preSolution
		HideSolutionNode = FALSE
	EndGlobalSection
	GlobalSection(ExtensibilityGlobals) = postSolution
		SolutionGuid = {EBED86CD-0E7F-412F-AD76-21560BEF78B6}
	EndGlobalSection
EndGlobal
